
Microsoft Visual Studio Solution File, Format Version 12.00
# Visual Studio Version 16
VisualStudioVersion = 16.0.29509.3
MinimumVisualStudioVersion = 10.0.40219.1
Project("{FAE04EC0-301F-11D3-BF4B-00C04F79EFBC}") = "CustomList", "CustomList\CustomList.csproj", "{2B179DF0-C434-49E7-8BDB-129307FACEE9}"
EndProject
Project("{FAE04EC0-301F-11D3-BF4B-00C04F79EFBC}") = "UnitTestCustomList", "UnitTestCustomList\UnitTestCustomList.csproj", "{828BA866-CFFD-46DC-935B-C00116B14993}"
EndProject
Global
	GlobalSection(SolutionConfigurationPlatforms) = preSolution
		Debug|Any CPU = Debug|Any CPU
		Release|Any CPU = Release|Any CPU
	EndGlobalSection
	GlobalSection(ProjectConfigurationPlatforms) = postSolution
		{2B179DF0-C434-49E7-8BDB-129307FACEE9}.Debug|Any CPU.ActiveCfg = Debug|Any CPU
		{2B179DF0-C434-49E7-8BDB-129307FACEE9}.Debug|Any CPU.Build.0 = Debug|Any CPU
		{2B179DF0-C434-49E7-8BDB-129307FACEE9}.Release|Any CPU.ActiveCfg = Release|Any CPU
		{2B179DF0-C434-49E7-8BDB-129307FACEE9}.Release|Any CPU.Build.0 = Release|Any CPU
		{828BA866-CFFD-46DC-935B-C00116B14993}.Debug|Any CPU.ActiveCfg = Debug|Any CPU
		{828BA866-CFFD-46DC-935B-C00116B14993}.Debug|Any CPU.Build.0 = Debug|Any CPU
		{828BA866-CFFD-46DC-935B-C00116B14993}.Release|Any CPU.ActiveCfg = Release|Any CPU
		{828BA866-CFFD-46DC-935B-C00116B14993}.Release|Any CPU.Build.0 = Release|Any CPU
	EndGlobalSection
	GlobalSection(SolutionProperties) = preSolution
		HideSolutionNode = FALSE
	EndGlobalSection
	GlobalSection(ExtensibilityGlobals) = postSolution
		SolutionGuid = {28554574-FF1F-4C88-95CF-52D05F785E1F}
	EndGlobalSection
EndGlobal
